{
  "nodes": {
    "autovirt": {
      "flake": false,
      "locked": {
        "lastModified": 1775325431,
        "narHash": "sha256-8e2owj3ZYbzx6JrqZxn2QO7sPJf+Km6b8V/Y+mIGFfg=",
        "owner": "Stefanuk12",
        "repo": "AutoVirt",
        "rev": "0b642aa3c4cc5d5a79f0e5c8aa78daa2e7ebe6da",
        "type": "github"
      },
      "original": {
        "owner": "Stefanuk12",
        "repo": "AutoVirt",
        "type": "github"
      }
    },
    "edk2-src": {
      "flake": false,
      "locked": {
        "lastModified": 1770983746,
        "narHash": "sha256-rdRn1waCZ9h83cZR5cQFLNuvUKMS236PjuDQ0WHNlGs=",
        "owner": "tianocore",
        "repo": "edk2",
        "rev": "b7a715f7c03c45c6b4575bf88596bfd79658b8ce",
        "type": "github"
      },
      "original": {
        "owner": "tianocore",
        "ref": "edk2-stable202602",
        "repo": "edk2",
        "type": "github"
      }
    },
    "nixpkgs": {
      "locked": {
        "lastModified": 1775036866,
        "narHash": "sha256-ZojAnPuCdy657PbTq5V0Y+AHKhZAIwSIT2cb8UgAz/U=",
        "owner": "NixOS",
        "repo": "nixpkgs",
        "rev": "6201e203d09599479a3b3450ed24fa81537ebc4e",
        "type": "github"
      },
      "original": {
        "owner": "NixOS",
        "ref": "nixos-unstable",
        "repo": "nixpkgs",
        "type": "github"
      }
    },
    "qemu-src": {
      "flake": false,
      "locked": {
        "lastModified": 1766461447,
        "narHash": "sha256-Ucd7iMQN7bE/IPwc4ZXMIplC0Bo5LTfLY8j34Zze8og=",
        "owner": "qemu-project",
        "repo": "qemu",
        "rev": "698104725efad4b29079d857dfdebbd804e34c99",
        "type": "gitlab"
      },
      "original": {
        "owner": "qemu-project",
        "ref": "v10.2.0",
        "repo": "qemu",
        "type": "gitlab"
      }
    },
    "root": {
      "inputs": {
        "autovirt": "autovirt",
        "edk2-src": "edk2-src",
        "nixpkgs": "nixpkgs",
        "qemu-src": "qemu-src"
      }
    }
  },
  "root": "root",
  "version": 7
}
